// !$*UTF8*$!
{
	archiveVersion = 1;
	classes = {
	};
	objectVersion = 50;
	objects = {

/* Begin PBXBuildFile section */
		920E108322C93E5C00FF3909 /* AppDelegate.swift in Sources */ = {isa = PBXBuildFile; fileRef = 920E108222C93E5C00FF3909 /* AppDelegate.swift */; };
		920E108522C93E5C00FF3909 /* ViewController.swift in Sources */ = {isa = PBXBuildFile; fileRef = 920E108422C93E5C00FF3909 /* ViewController.swift */; };
		920E108722C93E5C00FF3909 /* Document.swift in Sources */ = {isa = PBXBuildFile; fileRef = 920E108622C93E5C00FF3909 /* Document.swift */; };
		920E108922C93E5D00FF3909 /* Assets.xcassets in Resources */ = {isa = PBXBuildFile; fileRef = 920E108822C93E5D00FF3909 /* Assets.xcassets */; };
		920E108C22C93E5D00FF3909 /* Main.storyboard in Resources */ = {isa = PBXBuildFile; fileRef = 920E108A22C93E5D00FF3909 /* Main.storyboard */; };
		92DF625222CB43E100261B2B /* LineNumberRulerView.swift in Sources */ = {isa = PBXBuildFile; fileRef = 92DF625122CB43E100261B2B /* LineNumberRulerView.swift */; };
/* End PBXBuildFile section */

/* Begin PBXFileReference section */
		920E107F22C93E5C00FF3909 /* SIP.app */ = {isa = PBXFileReference; explicitFileType = wrapper.application; includeInIndex = 0; path = SIP.app; sourceTree = BUILT_PRODUCTS_DIR; };
		920E108222C93E5C00FF3909 /* AppDelegate.swift */ = {isa = PBXFileReference; lastKnownFileType = sourcecode.swift; path = AppDelegate.swift; sourceTree = "<group>"; };
		920E108422C93E5C00FF3909 /* ViewController.swift */ = {isa = PBXFileReference; lastKnownFileType = sourcecode.swift; path = ViewController.swift; sourceTree = "<group>"; };
		920E108622C93E5C00FF3909 /* Document.swift */ = {isa = PBXFileReference; lastKnownFileType = sourcecode.swift; path = Document.swift; sourceTree = "<group>"; };
		920E108822C93E5D00FF3909 /* Assets.xcassets */ = {isa = PBXFileReference; lastKnownFileType = folder.assetcatalog; path = Assets.xcassets; sourceTree = "<group>"; };
		920E108B22C93E5D00FF3909 /* Base */ = {isa = PBXFileReference; lastKnownFileType = file.storyboard; name = Base; path = Base.lproj/Main.storyboard; sourceTree = "<group>"; };
		920E108D22C93E5D00FF3909 /* Info.plist */ = {isa = PBXFileReference; lastKnownFileType = text.plist.xml; path = Info.plist; sourceTree = "<group>"; };
		920E108E22C93E5D00FF3909 /* SIP.entitlements */ = {isa = PBXFileReference; lastKnownFileType = text.plist.entitlements; path = SIP.entitlements; sourceTree = "<group>"; };
		92DF625122CB43E100261B2B /* LineNumberRulerView.swift */ = {isa = PBXFileReference; fileEncoding = 4; lastKnownFileType = sourcecode.swift; path = LineNumberRulerView.swift; sourceTree = "<group>"; };
/* End PBXFileReference section */

/* Begin PBXFrameworksBuildPhase section */
		920E107C22C93E5C00FF3909 /* Frameworks */ = {
			isa = PBXFrameworksBuildPhase;
			buildActionMask = 2147483647;
			files = (
			);
			runOnlyForDeploymentPostprocessing = 0;
		};
/* End PBXFrameworksBuildPhase section */

/* Begin PBXGroup section */
		920E107622C93E5C00FF3909 = {
			isa = PBXGroup;
			children = (
				920E108122C93E5C00FF3909 /* SIP */,
				920E108022C93E5C00FF3909 /* Products */,
			);
			sourceTree = "<group>";
		};
		920E108022C93E5C00FF3909 /* Products */ = {
			isa = PBXGroup;
			children = (
				920E107F22C93E5C00FF3909 /* SIP.app */,
			);
			name = Products;
			sourceTree = "<group>";
		};
		920E108122C93E5C00FF3909 /* SIP */ = {
			isa = PBXGroup;
			children = (
				920E108222C93E5C00FF3909 /* AppDelegate.swift */,
				920E108422C93E5C00FF3909 /* ViewController.swift */,
				920E108622C93E5C00FF3909 /* Document.swift */,
				920E108822C93E5D00FF3909 /* Assets.xcassets */,
				920E108A22C93E5D00FF3909 /* Main.storyboard */,
				920E108D22C93E5D00FF3909 /* Info.plist */,
				920E108E22C93E5D00FF3909 /* SIP.entitlements */,
				92DF625122CB43E100261B2B /* LineNumberRulerView.swift */,
			);
			path = SIP;
			sourceTree = "<group>";
		};
/* End PBXGroup section */

/* Begin PBXNativeTarget section */
		920E107E22C93E5C00FF3909 /* SIP */ = {
			isa = PBXNativeTarget;
			buildConfigurationList = 920E109122C93E5D00FF3909 /* Build configuration list for PBXNativeTarget "SIP" */;
			buildPhases = (
				920E107B22C93E5C00FF3909 /* Sources */,
				920E107C22C93E5C00FF3909 /* Frameworks */,
				920E107D22C93E5C00FF3909 /* Resources */,
			);
			buildRules = (
			);
			dependencies = (
			);
			name = SIP;
			productName = SIP;
			productReference = 920E107F22C93E5C00FF3909 /* SIP.app */;
			productType = "com.apple.product-type.application";
		};
/* End PBXNativeTarget section */

/* Begin PBXProject section */
		920E107722C93E5C00FF3909 /* Project object */ = {
			isa = PBXProject;
			attributes = {
				LastSwiftUpdateCheck = 1020;
				LastUpgradeCheck = 1020;
				ORGANIZATIONNAME = "Yudi Zhou";
				TargetAttributes = {
					920E107E22C93E5C00FF3909 = {
						CreatedOnToolsVersion = 10.2.1;
					};
				};
			};
			buildConfigurationList = 920E107A22C93E5C00FF3909 /* Build configuration list for PBXProject "SIP" */;
			compatibilityVersion = "Xcode 9.3";
			developmentRegion = en;
			hasScannedForEncodings = 0;
			knownRegions = (
				en,
				Base,
			);
			mainGroup = 920E107622C93E5C00FF3909;
			productRefGroup = 920E108022C93E5C00FF3909 /* Products */;
			projectDirPath = "";
			projectRoot = "";
			targets = (
				920E107E22C93E5C00FF3909 /* SIP */,
			);
		};
/* End PBXProject section */

/* Begin PBXResourcesBuildPhase section */
		920E107D22C93E5C00FF3909 /* Resources */ = {
			isa = PBXResourcesBuildPhase;
			buildActionMask = 2147483647;
			files = (
				920E108922C93E5D00FF3909 /* Assets.xcassets in Resources */,
				920E108C22C93E5D00FF3909 /* Main.storyboard in Resources */,
			);
			runOnlyForDeploymentPostprocessing = 0;
		};
/* End PBXResourcesBuildPhase section */

/* Begin PBXSourcesBuildPhase section */
		920E107B22C93E5C00FF3909 /* Sources */ = {
			isa = PBXSourcesBuildPhase;
			buildActionMask = 2147483647;
			files = (
				920E108522C93E5C00FF3909 /* ViewController.swift in Sources */,
				920E108322C93E5C00FF3909 /* AppDelegate.swift in Sources */,
				92DF625222CB43E100261B2B /* LineNumberRulerView.swift in Sources */,
				920E108722C93E5C00FF3909 /* Document.swift in Sources */,
			);
			runOnlyForDeploymentPostprocessing = 0;
		};
/* End PBXSourcesBuildPhase section */

/* Begin PBXVariantGroup section */
		920E108A22C93E5D00FF3909 /* Main.storyboard */ = {
			isa = PBXVariantGroup;
			children = (
				920E108B22C93E5D00FF3909 /* Base */,
			);
			name = Main.storyboard;
			sourceTree = "<group>";
		};
/* End PBXVariantGroup section */

/* Begin XCBuildConfiguration section */
		920E108F22C93E5D00FF3909 /* Debug */ = {
			isa = XCBuildConfiguration;
			buildSettings = {
				ALWAYS_SEARCH_USER_PATHS = NO;
				CLANG_ANALYZER_NONNULL = YES;
				CLANG_ANALYZER_NUMBER_OBJECT_CONVERSION = YES_AGGRESSIVE;
				CLANG_CXX_LANGUAGE_STANDARD = "gnu++14";
				CLANG_CXX_LIBRARY = "libc++";
				CLANG_ENABLE_MODULES = YES;
				CLANG_ENABLE_OBJC_ARC = YES;
				CLANG_ENABLE_OBJC_WEAK = YES;
				CLANG_WARN_BLOCK_CAPTURE_AUTORELEASING = YES;
				CLANG_WARN_BOOL_CONVERSION = YES;
				CLANG_WARN_COMMA = YES;
				CLANG_WARN_CONSTANT_CONVERSION = YES;
				CLANG_WARN_DEPRECATED_OBJC_IMPLEMENTATIONS = YES;
				CLANG_WARN_DIRECT_OBJC_ISA_USAGE = YES_ERROR;
				CLANG_WARN_DOCUMENTATION_COMMENTS = YES;
				CLANG_WARN_EMPTY_BODY = YES;
				CLANG_WARN_ENUM_CONVERSION = YES;
				CLANG_WARN_INFINITE_RECURSION = YES;
				CLANG_WARN_INT_CONVERSION = YES;
				CLANG_WARN_NON_LITERAL_NULL_CONVERSION = YES;
				CLANG_WARN_OBJC_IMPLICIT_RETAIN_SELF = YES;
				CLANG_WARN_OBJC_LITERAL_CONVERSION = YES;
				CLANG_WARN_OBJC_ROOT_CLASS = YES_ERROR;
				CLANG_WARN_RANGE_LOOP_ANALYSIS = YES;
				CLANG_WARN_STRICT_PROTOTYPES = YES;
				CLANG_WARN_SUSPICIOUS_MOVE = YES;
				CLANG_WARN_UNGUARDED_AVAILABILITY = YES_AGGRESSIVE;
				CLANG_WARN_UNREACHABLE_CODE = YES;
				CLANG_WARN__DUPLICATE_METHOD_MATCH = YES;
				CODE_SIGN_IDENTITY = "-";
				COPY_PHASE_STRIP = NO;
				DEBUG_INFORMATION_FORMAT = dwarf;
				ENABLE_STRICT_OBJC_MSGSEND = YES;
				ENABLE_TESTABILITY = YES;
				GCC_C_LANGUAGE_STANDARD = gnu11;
				GCC_DYNAMIC_NO_PIC = NO;
				GCC_NO_COMMON_BLOCKS = YES;
				GCC_OPTIMIZATION_LEVEL = 0;
				GCC_PREPROCESSOR_DEFINITIONS = (
					"DEBUG=1",
					"$(inherited)",
				);
				GCC_WARN_64_TO_32_BIT_CONVERSION = YES;
				GCC_WARN_ABOUT_RETURN_TYPE = YES_ERROR;
				GCC_WARN_UNDECLARED_SELECTOR = YES;
				GCC_WARN_UNINITIALIZED_AUTOS = YES_AGGRESSIVE;
				GCC_WARN_UNUSED_FUNCTION = YES;
				GCC_WARN_UNUSED_VARIABLE = YES;
				MACOSX_DEPLOYMENT_TARGET = 10.14;
				MTL_ENABLE_DEBUG_INFO = INCLUDE_SOURCE;
				MTL_FAST_MATH = YES;
				ONLY_ACTIVE_ARCH = YES;
				SDKROOT = macosx;
				SWIFT_ACTIVE_COMPILATION_CONDITIONS = DEBUG;
				SWIFT_OPTIMIZATION_LEVEL = "-Onone";
			};
			name = Debug;
		};
		920E109022C93E5D00FF3909 /* Release */ = {
			isa = XCBuildConfiguration;
			buildSettings = {
				ALWAYS_SEARCH_USER_PATHS = NO;
				CLANG_ANALYZER_NONNULL = YES;
				CLANG_ANALYZER_NUMBER_OBJECT_CONVERSION = YES_AGGRESSIVE;
				CLANG_CXX_LANGUAGE_STANDARD = "gnu++14";
				CLANG_CXX_LIBRARY = "libc++";
				CLANG_ENABLE_MODULES = YES;
				CLANG_ENABLE_OBJC_ARC = YES;
				CLANG_ENABLE_OBJC_WEAK = YES;
				CLANG_WARN_BLOCK_CAPTURE_AUTORELEASING = YES;
				CLANG_WARN_BOOL_CONVERSION = YES;
				CLANG_WARN_COMMA = YES;
				CLANG_WARN_CONSTANT_CONVERSION = YES;
				CLANG_WARN_DEPRECATED_OBJC_IMPLEMENTATIONS = YES;
				CLANG_WARN_DIRECT_OBJC_ISA_USAGE = YES_ERROR;
				CLANG_WARN_DOCUMENTATION_COMMENTS = YES;
				CLANG_WARN_EMPTY_BODY = YES;
				CLANG_WARN_ENUM_CONVERSION = YES;
				CLANG_WARN_INFINITE_RECURSION = YES;
				CLANG_WARN_INT_CONVERSION = YES;
				CLANG_WARN_NON_LITERAL_NULL_CONVERSION = YES;
				CLANG_WARN_OBJC_IMPLICIT_RETAIN_SELF = YES;
				CLANG_WARN_OBJC_LITERAL_CONVERSION = YES;
				CLANG_WARN_OBJC_ROOT_CLASS = YES_ERROR;
				CLANG_WARN_RANGE_LOOP_ANALYSIS = YES;
				CLANG_WARN_STRICT_PROTOTYPES = YES;
				CLANG_WARN_SUSPICIOUS_MOVE = YES;
				CLANG_WARN_UNGUARDED_AVAILABILITY = YES_AGGRESSIVE;
				CLANG_WARN_UNREACHABLE_CODE = YES;
				CLANG_WARN__DUPLICATE_METHOD_MATCH = YES;
				CODE_SIGN_IDENTITY = "-";
				COPY_PHASE_STRIP = NO;
				DEBUG_INFORMATION_FORMAT = "dwarf-with-dsym";
				ENABLE_NS_ASSERTIONS = NO;
				ENABLE_STRICT_OBJC_MSGSEND = YES;
				GCC_C_LANGUAGE_STANDARD = gnu11;
				GCC_NO_COMMON_BLOCKS = YES;
				GCC_WARN_64_TO_32_BIT_CONVERSION = YES;
				GCC_WARN_ABOUT_RETURN_TYPE = YES_ERROR;
				GCC_WARN_UNDECLARED_SELECTOR = YES;
				GCC_WARN_UNINITIALIZED_AUTOS = YES_AGGRESSIVE;
				GCC_WARN_UNUSED_FUNCTION = YES;
				GCC_WARN_UNUSED_VARIABLE = YES;
				MACOSX_DEPLOYMENT_TARGET = 10.14;
				MTL_ENABLE_DEBUG_INFO = NO;
				MTL_FAST_MATH = YES;
				SDKROOT = macosx;
				SWIFT_COMPILATION_MODE = wholemodule;
				SWIFT_OPTIMIZATION_LEVEL = "-O";
			};
			name = Release;
		};
		920E109222C93E5D00FF3909 /* Debug */ = {
			isa = XCBuildConfiguration;
			buildSettings = {
				ASSETCATALOG_COMPILER_APPICON_NAME = AppIcon;
				CODE_SIGN_ENTITLEMENTS = SIP/SIP.entitlements;
				CODE_SIGN_STYLE = Automatic;
				COMBINE_HIDPI_IMAGES = YES;
				INFOPLIST_FILE = SIP/Info.plist;
				LD_RUNPATH_SEARCH_PATHS = (
					"$(inherited)",
					"@executable_path/../Frameworks",
				);
				PRODUCT_BUNDLE_IDENTIFIER = info.ydzhou.SIP;
				PRODUCT_NAME = "$(TARGET_NAME)";
				SWIFT_VERSION = 5.0;
			};
			name = Debug;
		};
		920E109322C93E5D00FF3909 /* Release */ = {
			isa = XCBuildConfiguration;
			buildSettings = {
				ASSETCATALOG_COMPILER_APPICON_NAME = AppIcon;
				CODE_SIGN_ENTITLEMENTS = SIP/SIP.entitlements;
				CODE_SIGN_STYLE = Automatic;
				COMBINE_HIDPI_IMAGES = YES;
				INFOPLIST_FILE = SIP/Info.plist;
				LD_RUNPATH_SEARCH_PATHS = (
					"$(inherited)",
					"@executable_path/../Frameworks",
				);
				PRODUCT_BUNDLE_IDENTIFIER = info.ydzhou.SIP;
				PRODUCT_NAME = "$(TARGET_NAME)";
				SWIFT_VERSION = 5.0;
			};
			name = Release;
		};
/* End XCBuildConfiguration section */

/* Begin XCConfigurationList section */
		920E107A22C93E5C00FF3909 /* Build configuration list for PBXProject "SIP" */ = {
			isa = XCConfigurationList;
			buildConfigurations = (
				920E108F22C93E5D00FF3909 /* Debug */,
				920E109022C93E5D00FF3909 /* Release */,
			);
			defaultConfigurationIsVisible = 0;
			defaultConfigurationName = Release;
		};
		920E109122C93E5D00FF3909 /* Build configuration list for PBXNativeTarget "SIP" */ = {
			isa = XCConfigurationList;
			buildConfigurations = (
				920E109222C93E5D00FF3909 /* Debug */,
				920E109322C93E5D00FF3909 /* Release */,
			);
			defaultConfigurationIsVisible = 0;
			defaultConfigurationName = Release;
		};
/* End XCConfigurationList section */
	};
	rootObject = 920E107722C93E5C00FF3909 /* Project object */;
}
